
Microsoft Visual Studio Solution File, Format Version 12.00
# Visual Studio Version 17
VisualStudioVersion = 17.5.002.0
MinimumVisualStudioVersion = 10.0.40219.1
Project("{9A19103F-16F7-4668-BE54-9A1E7A4F7556}") = "session07", "session07.csproj", "{21D8BFFA-6914-4BD3-ADED-16F961126388}"
EndProject
Global
	GlobalSection(SolutionConfigurationPlatforms) = preSolution
		Debug|Any CPU = Debug|Any CPU
		Release|Any CPU = Release|Any CPU
	EndGlobalSection
	GlobalSection(ProjectConfigurationPlatforms) = postSolution
		{21D8BFFA-6914-4BD3-ADED-16F961126388}.Debug|Any CPU.ActiveCfg = Debug|Any CPU
		{21D8BFFA-6914-4BD3-ADED-16F961126388}.Debug|Any CPU.Build.0 = Debug|Any CPU
		{21D8BFFA-6914-4BD3-ADED-16F961126388}.Release|Any CPU.ActiveCfg = Release|Any CPU
		{21D8BFFA-6914-4BD3-ADED-16F961126388}.Release|Any CPU.Build.0 = Release|Any CPU
	EndGlobalSection
	GlobalSection(SolutionProperties) = preSolution
		HideSolutionNode = FALSE
	EndGlobalSection
	GlobalSection(ExtensibilityGlobals) = postSolution
		SolutionGuid = {717011DB-1B26-4E00-B5ED-7F5F2A0B30CB}
	EndGlobalSection
EndGlobal
